<Solution>
  <Folder Name="/Solution Items/">
    <File Path=".gitignore" />
    <File Path="AGENTS.md" />
    <File Path="LICENSE" />
    <File Path="README.md" />
    <File Path="TODO.md" />
  </Folder>
  <Project Path="StudyRag.Core/StudyRag.Core.csproj" />
  <Project Path="StudyRag.IntegrationTests/StudyRag.IntegrationTests.csproj" />
  <Project Path="StudyRag.Tests/StudyRag.Tests.csproj" Id="79de0af2-1c16-46e8-9752-fa0d7c192d78" />
  <Project Path="StudyRag/StudyRag.csproj" />
</Solution>
